
Microsoft Visual Studio Solution File, Format Version 12.00
# Visual Studio Version 16
VisualStudioVersion = 16.0.30204.135
MinimumVisualStudioVersion = 10.0.40219.1
Project("{FAE04EC0-301F-11D3-BF4B-00C04F79EFBC}") = "XamBase.Android", "XamBase\XamBase.Android\XamBase.Android.csproj", "{6FCEC488-CF8E-4E49-ACE1-C2CDDAA393E5}"
EndProject
Project("{FAE04EC0-301F-11D3-BF4B-00C04F79EFBC}") = "XamBase.iOS", "XamBase\XamBase.iOS\XamBase.iOS.csproj", "{DE8EC79F-20E7-4785-97F4-BA9F54DEF528}"
EndProject
Project("{FAE04EC0-301F-11D3-BF4B-00C04F79EFBC}") = "XamBase", "XamBase\XamBase\XamBase.csproj", "{5C4AAF9A-0EC2-4750-A02A-2965B99EF6A8}"
EndProject
Global
	GlobalSection(SolutionConfigurationPlatforms) = preSolution
		Debug|Any CPU = Debug|Any CPU
		Debug|iPhone = Debug|iPhone
		Debug|iPhoneSimulator = Debug|iPhoneSimulator
		Release|Any CPU = Release|Any CPU
		Release|iPhone = Release|iPhone
		Release|iPhoneSimulator = Release|iPhoneSimulator
	EndGlobalSection
	GlobalSection(ProjectConfigurationPlatforms) = postSolution
		{6FCEC488-CF8E-4E49-ACE1-C2CDDAA393E5}.Debug|Any CPU.ActiveCfg = Debug|Any CPU
		{6FCEC488-CF8E-4E49-ACE1-C2CDDAA393E5}.Debug|Any CPU.Build.0 = Debug|Any CPU
		{6FCEC488-CF8E-4E49-ACE1-C2CDDAA393E5}.Debug|Any CPU.Deploy.0 = Debug|Any CPU
		{6FCEC488-CF8E-4E49-ACE1-C2CDDAA393E5}.Debug|iPhone.ActiveCfg = Debug|Any CPU
		{6FCEC488-CF8E-4E49-ACE1-C2CDDAA393E5}.Debug|iPhone.Build.0 = Debug|Any CPU
		{6FCEC488-CF8E-4E49-ACE1-C2CDDAA393E5}.Debug|iPhone.Deploy.0 = Debug|Any CPU
		{6FCEC488-CF8E-4E49-ACE1-C2CDDAA393E5}.Debug|iPhoneSimulator.ActiveCfg = Debug|Any CPU
		{6FCEC488-CF8E-4E49-ACE1-C2CDDAA393E5}.Debug|iPhoneSimulator.Build.0 = Debug|Any CPU
		{6FCEC488-CF8E-4E49-ACE1-C2CDDAA393E5}.Debug|iPhoneSimulator.Deploy.0 = Debug|Any CPU
		{6FCEC488-CF8E-4E49-ACE1-C2CDDAA393E5}.Release|Any CPU.ActiveCfg = Release|Any CPU
		{6FCEC488-CF8E-4E49-ACE1-C2CDDAA393E5}.Release|Any CPU.Build.0 = Release|Any CPU
		{6FCEC488-CF8E-4E49-ACE1-C2CDDAA393E5}.Release|Any CPU.Deploy.0 = Release|Any CPU
		{6FCEC488-CF8E-4E49-ACE1-C2CDDAA393E5}.Release|iPhone.ActiveCfg = Release|Any CPU
		{6FCEC488-CF8E-4E49-ACE1-C2CDDAA393E5}.Release|iPhone.Build.0 = Release|Any CPU
		{6FCEC488-CF8E-4E49-ACE1-C2CDDAA393E5}.Release|iPhone.Deploy.0 = Release|Any CPU
		{6FCEC488-CF8E-4E49-ACE1-C2CDDAA393E5}.Release|iPhoneSimulator.ActiveCfg = Release|Any CPU
		{6FCEC488-CF8E-4E49-ACE1-C2CDDAA393E5}.Release|iPhoneSimulator.Build.0 = Release|Any CPU
		{6FCEC488-CF8E-4E49-ACE1-C2CDDAA393E5}.Release|iPhoneSimulator.Deploy.0 = Release|Any CPU
		{DE8EC79F-20E7-4785-97F4-BA9F54DEF528}.Debug|Any CPU.ActiveCfg = Debug|iPhone
		{DE8EC79F-20E7-4785-97F4-BA9F54DEF528}.Debug|Any CPU.Build.0 = Debug|iPhone
		{DE8EC79F-20E7-4785-97F4-BA9F54DEF528}.Debug|Any CPU.Deploy.0 = Debug|iPhone
		{DE8EC79F-20E7-4785-97F4-BA9F54DEF528}.Debug|iPhone.ActiveCfg = Debug|iPhone
		{DE8EC79F-20E7-4785-97F4-BA9F54DEF528}.Debug|iPhone.Build.0 = Debug|iPhone
		{DE8EC79F-20E7-4785-97F4-BA9F54DEF528}.Debug|iPhone.Deploy.0 = Debug|iPhone
		{DE8EC79F-20E7-4785-97F4-BA9F54DEF528}.Debug|iPhoneSimulator.ActiveCfg = Debug|iPhoneSimulator
		{DE8EC79F-20E7-4785-97F4-BA9F54DEF528}.Debug|iPhoneSimulator.Build.0 = Debug|iPhoneSimulator
		{DE8EC79F-20E7-4785-97F4-BA9F54DEF528}.Debug|iPhoneSimulator.Deploy.0 = Debug|iPhoneSimulator
		{DE8EC79F-20E7-4785-97F4-BA9F54DEF528}.Release|Any CPU.ActiveCfg = Release|iPhone
		{DE8EC79F-20E7-4785-97F4-BA9F54DEF528}.Release|Any CPU.Build.0 = Release|iPhone
		{DE8EC79F-20E7-4785-97F4-BA9F54DEF528}.Release|Any CPU.Deploy.0 = Release|iPhone
		{DE8EC79F-20E7-4785-97F4-BA9F54DEF528}.Release|iPhone.ActiveCfg = Release|iPhone
		{DE8EC79F-20E7-4785-97F4-BA9F54DEF528}.Release|iPhone.Build.0 = Release|iPhone
		{DE8EC79F-20E7-4785-97F4-BA9F54DEF528}.Release|iPhone.Deploy.0 = Release|iPhone
		{DE8EC79F-20E7-4785-97F4-BA9F54DEF528}.Release|iPhoneSimulator.ActiveCfg = Release|iPhoneSimulator
		{DE8EC79F-20E7-4785-97F4-BA9F54DEF528}.Release|iPhoneSimulator.Build.0 = Release|iPhoneSimulator
		{DE8EC79F-20E7-4785-97F4-BA9F54DEF528}.Release|iPhoneSimulator.Deploy.0 = Release|iPhoneSimulator
		{5C4AAF9A-0EC2-4750-A02A-2965B99EF6A8}.Debug|Any CPU.ActiveCfg = Debug|Any CPU
		{5C4AAF9A-0EC2-4750-A02A-2965B99EF6A8}.Debug|Any CPU.Build.0 = Debug|Any CPU
		{5C4AAF9A-0EC2-4750-A02A-2965B99EF6A8}.Debug|Any CPU.Deploy.0 = Debug|Any CPU
		{5C4AAF9A-0EC2-4750-A02A-2965B99EF6A8}.Debug|iPhone.ActiveCfg = Debug|Any CPU
		{5C4AAF9A-0EC2-4750-A02A-2965B99EF6A8}.Debug|iPhone.Build.0 = Debug|Any CPU
		{5C4AAF9A-0EC2-4750-A02A-2965B99EF6A8}.Debug|iPhone.Deploy.0 = Debug|Any CPU
		{5C4AAF9A-0EC2-4750-A02A-2965B99EF6A8}.Debug|iPhoneSimulator.ActiveCfg = Debug|Any CPU
		{5C4AAF9A-0EC2-4750-A02A-2965B99EF6A8}.Debug|iPhoneSimulator.Build.0 = Debug|Any CPU
		{5C4AAF9A-0EC2-4750-A02A-2965B99EF6A8}.Debug|iPhoneSimulator.Deploy.0 = Debug|Any CPU
		{5C4AAF9A-0EC2-4750-A02A-2965B99EF6A8}.Release|Any CPU.ActiveCfg = Release|Any CPU
		{5C4AAF9A-0EC2-4750-A02A-2965B99EF6A8}.Release|Any CPU.Build.0 = Release|Any CPU
		{5C4AAF9A-0EC2-4750-A02A-2965B99EF6A8}.Release|Any CPU.Deploy.0 = Release|Any CPU
		{5C4AAF9A-0EC2-4750-A02A-2965B99EF6A8}.Release|iPhone.ActiveCfg = Release|Any CPU
		{5C4AAF9A-0EC2-4750-A02A-2965B99EF6A8}.Release|iPhone.Build.0 = Release|Any CPU
		{5C4AAF9A-0EC2-4750-A02A-2965B99EF6A8}.Release|iPhone.Deploy.0 = Release|Any CPU
		{5C4AAF9A-0EC2-4750-A02A-2965B99EF6A8}.Release|iPhoneSimulator.ActiveCfg = Release|Any CPU
		{5C4AAF9A-0EC2-4750-A02A-2965B99EF6A8}.Release|iPhoneSimulator.Build.0 = Release|Any CPU
		{5C4AAF9A-0EC2-4750-A02A-2965B99EF6A8}.Release|iPhoneSimulator.Deploy.0 = Release|Any CPU
	EndGlobalSection
	GlobalSection(SolutionProperties) = preSolution
		HideSolutionNode = FALSE
	EndGlobalSection
	GlobalSection(ExtensibilityGlobals) = postSolution
		SolutionGuid = {BB6E7340-3C8B-4749-8B31-A1F01617E91F}
	EndGlobalSection
EndGlobal
